dependencies:
- name: mcp-server
  repository: file://../mcp-server
  version: 0.1.0
- name: openshift-console-plugin
  repository: file://../openshift-console-plugin
  version: 0.1.0
- name: alerts
  repository: file://../alerting
  version: 0.1.0
- name: rag
  repository: file://../rag
  version: 0.1.0
digest: sha256:27fbb121a145c58507c58da3fce0f4a14a58f0bea4bc95253309480eaf6e0ac7
generated: "2025-12-11T15:28:58.161793-05:00"
