dependencies:
- name: llm-service
  repository: https://rh-ai-quickstart.github.io/ai-architecture-charts
  version: 0.5.8
- name: pgvector
  repository: https://rh-ai-quickstart.github.io/ai-architecture-charts
  version: 0.5.0
digest: sha256:1fe2d1a46c0b5275a213e4f26afee7a000ea17a1d691df8342fe936487a278a6
generated: "2026-04-19T21:10:48.543596-04:00"
