dependencies:
- name: llm-service
  repository: https://rh-ai-quickstart.github.io/ai-architecture-charts
  version: 0.5.4
- name: llama-stack
  repository: file://.llama-stack-operator-chart
  version: 0.7.3
- name: pgvector
  repository: https://rh-ai-quickstart.github.io/ai-architecture-charts
  version: 0.5.0
digest: sha256:cefe940704f8209d5111cfa0834b9e50d2cbb1259f90c88d7b3bc094d7cfd43d
generated: "2026-04-14T17:50:45.532211-04:00"
